// !$*UTF8*$!
{
	archiveVersion = 1;
	classes = {
	};
	objectVersion = 77;
	objects = {

/* Begin PBXBuildFile section */
		086DCC3609708329E5604A3D /* TileCellView.swift in Sources */ = {isa = PBXBuildFile; fileRef = A66A7018BFE1BA853288B8CE /* TileCellView.swift */; };
		1F8B8C9F301E36C12BA60E1C /* GridView.swift in Sources */ = {isa = PBXBuildFile; fileRef = 0DFF4E29B41C4E7EE1FAE1A8 /* GridView.swift */; };
		390F72CAE1FCBFA057E1E06C /* GameEngine.swift in Sources */ = {isa = PBXBuildFile; fileRef = 6304962939BAB59E4179777F /* GameEngine.swift */; };
		39C44BF25D20D8CB0289483E /* InstructionsView.swift in Sources */ = {isa = PBXBuildFile; fileRef = 233E208FD9087F702149CA1A /* InstructionsView.swift */; };
		7C98B292CCDE6827788F9331 /* Position.swift in Sources */ = {isa = PBXBuildFile; fileRef = 373DC80F055AE84737CE034F /* Position.swift */; };
		87A3D5D6F10BCE8D63C4A652 /* Assets.xcassets in Resources */ = {isa = PBXBuildFile; fileRef = CEB73563ADF803D330B29F36 /* Assets.xcassets */; };
		87CD95C576B7B0565CF31C5E /* VexedApp.swift in Sources */ = {isa = PBXBuildFile; fileRef = 6317CB0814BBBB7866C13144 /* VexedApp.swift */; };
		C0749D677FB0E877095FF31E /* DifficultyConfig.swift in Sources */ = {isa = PBXBuildFile; fileRef = 837EFAE1B8904472C70AE458 /* DifficultyConfig.swift */; };
		C7DC3191486A857C4A1E2631 /* Tile.swift in Sources */ = {isa = PBXBuildFile; fileRef = 8D4456B2579A8873E94240D2 /* Tile.swift */; };
		D62873766BDFA0DD4E9F303B /* VowelRadarView.swift in Sources */ = {isa = PBXBuildFile; fileRef = 821B3C52BF6D510BC2277796 /* VowelRadarView.swift */; };
		DA0561F3EDFD2C2C70C0C2F6 /* GameView.swift in Sources */ = {isa = PBXBuildFile; fileRef = F960993D28D90F8FA73D8796 /* GameView.swift */; };
		E0EAC1BEFADB65A8D1030763 /* HUDView.swift in Sources */ = {isa = PBXBuildFile; fileRef = 88BBA04D81502D71C8038A3C /* HUDView.swift */; };
		F56058127215604D24C21615 /* WordValidator.swift in Sources */ = {isa = PBXBuildFile; fileRef = 5177A1E4925AF3AE770B3C7F /* WordValidator.swift */; };
/* End PBXBuildFile section */

/* Begin PBXFileReference section */
		0DFF4E29B41C4E7EE1FAE1A8 /* GridView.swift */ = {isa = PBXFileReference; lastKnownFileType = sourcecode.swift; path = GridView.swift; sourceTree = "<group>"; };
		233E208FD9087F702149CA1A /* InstructionsView.swift */ = {isa = PBXFileReference; lastKnownFileType = sourcecode.swift; path = InstructionsView.swift; sourceTree = "<group>"; };
		373DC80F055AE84737CE034F /* Position.swift */ = {isa = PBXFileReference; lastKnownFileType = sourcecode.swift; path = Position.swift; sourceTree = "<group>"; };
		5177A1E4925AF3AE770B3C7F /* WordValidator.swift */ = {isa = PBXFileReference; lastKnownFileType = sourcecode.swift; path = WordValidator.swift; sourceTree = "<group>"; };
		6304962939BAB59E4179777F /* GameEngine.swift */ = {isa = PBXFileReference; lastKnownFileType = sourcecode.swift; path = GameEngine.swift; sourceTree = "<group>"; };
		6317CB0814BBBB7866C13144 /* VexedApp.swift */ = {isa = PBXFileReference; lastKnownFileType = sourcecode.swift; path = VexedApp.swift; sourceTree = "<group>"; };
		821B3C52BF6D510BC2277796 /* VowelRadarView.swift */ = {isa = PBXFileReference; lastKnownFileType = sourcecode.swift; path = VowelRadarView.swift; sourceTree = "<group>"; };
		837EFAE1B8904472C70AE458 /* DifficultyConfig.swift */ = {isa = PBXFileReference; lastKnownFileType = sourcecode.swift; path = DifficultyConfig.swift; sourceTree = "<group>"; };
		88BBA04D81502D71C8038A3C /* HUDView.swift */ = {isa = PBXFileReference; lastKnownFileType = sourcecode.swift; path = HUDView.swift; sourceTree = "<group>"; };
		8D4456B2579A8873E94240D2 /* Tile.swift */ = {isa = PBXFileReference; lastKnownFileType = sourcecode.swift; path = Tile.swift; sourceTree = "<group>"; };
		A66A7018BFE1BA853288B8CE /* TileCellView.swift */ = {isa = PBXFileReference; lastKnownFileType = sourcecode.swift; path = TileCellView.swift; sourceTree = "<group>"; };
		CEB73563ADF803D330B29F36 /* Assets.xcassets */ = {isa = PBXFileReference; lastKnownFileType = folder.assetcatalog; path = Assets.xcassets; sourceTree = "<group>"; };
		CFD9766732EA984CE8848033 /* Vexed.app */ = {isa = PBXFileReference; includeInIndex = 0; lastKnownFileType = wrapper.application; path = Vexed.app; sourceTree = BUILT_PRODUCTS_DIR; };
		F960993D28D90F8FA73D8796 /* GameView.swift */ = {isa = PBXFileReference; lastKnownFileType = sourcecode.swift; path = GameView.swift; sourceTree = "<group>"; };
/* End PBXFileReference section */

/* Begin PBXGroup section */
		2F18ADB96DC4C2827F1C7EB4 /* Models */ = {
			isa = PBXGroup;
			children = (
				837EFAE1B8904472C70AE458 /* DifficultyConfig.swift */,
				6304962939BAB59E4179777F /* GameEngine.swift */,
				373DC80F055AE84737CE034F /* Position.swift */,
				8D4456B2579A8873E94240D2 /* Tile.swift */,
				5177A1E4925AF3AE770B3C7F /* WordValidator.swift */,
			);
			path = Models;
			sourceTree = "<group>";
		};
		3CB3DFF8E29CC779819807F6 /* Vexed */ = {
			isa = PBXGroup;
			children = (
				6317CB0814BBBB7866C13144 /* VexedApp.swift */,
				2F18ADB96DC4C2827F1C7EB4 /* Models */,
				687668089F63EBE5BDA7D0F0 /* Resources */,
				911EF9586A19B63F165A687D /* Views */,
			);
			path = Vexed;
			sourceTree = "<group>";
		};
		687668089F63EBE5BDA7D0F0 /* Resources */ = {
			isa = PBXGroup;
			children = (
				CEB73563ADF803D330B29F36 /* Assets.xcassets */,
			);
			path = Resources;
			sourceTree = "<group>";
		};
		6ABD7873E0C2AB9F90A3560E /* Products */ = {
			isa = PBXGroup;
			children = (
				CFD9766732EA984CE8848033 /* Vexed.app */,
			);
			name = Products;
			sourceTree = "<group>";
		};
		754FAA5948D3421E7CD1E715 = {
			isa = PBXGroup;
			children = (
				3CB3DFF8E29CC779819807F6 /* Vexed */,
				6ABD7873E0C2AB9F90A3560E /* Products */,
			);
			sourceTree = "<group>";
		};
		911EF9586A19B63F165A687D /* Views */ = {
			isa = PBXGroup;
			children = (
				F960993D28D90F8FA73D8796 /* GameView.swift */,
				0DFF4E29B41C4E7EE1FAE1A8 /* GridView.swift */,
				88BBA04D81502D71C8038A3C /* HUDView.swift */,
				233E208FD9087F702149CA1A /* InstructionsView.swift */,
				A66A7018BFE1BA853288B8CE /* TileCellView.swift */,
				821B3C52BF6D510BC2277796 /* VowelRadarView.swift */,
			);
			path = Views;
			sourceTree = "<group>";
		};
/* End PBXGroup section */

/* Begin PBXNativeTarget section */
		749E7A4787C0F26380E9F38E /* Vexed */ = {
			isa = PBXNativeTarget;
			buildConfigurationList = D468F2EBCD04873B545332F4 /* Build configuration list for PBXNativeTarget "Vexed" */;
			buildPhases = (
				655CC8DE79AB8FE36C4F6F21 /* Sources */,
				4CFEBDF6BFFA1E6E3ECC6D28 /* Resources */,
			);
			buildRules = (
			);
			dependencies = (
			);
			name = Vexed;
			packageProductDependencies = (
			);
			productName = Vexed;
			productReference = CFD9766732EA984CE8848033 /* Vexed.app */;
			productType = "com.apple.product-type.application";
		};
/* End PBXNativeTarget section */

/* Begin PBXProject section */
		944FAC3B435D247BEEB17E60 /* Project object */ = {
			isa = PBXProject;
			attributes = {
				BuildIndependentTargetsInParallel = YES;
				LastUpgradeCheck = 1500;
				TargetAttributes = {
				};
			};
			buildConfigurationList = 63F0DA3BFF89334D1B274884 /* Build configuration list for PBXProject "Vexed" */;
			developmentRegion = en;
			hasScannedForEncodings = 0;
			knownRegions = (
				Base,
				en,
			);
			mainGroup = 754FAA5948D3421E7CD1E715;
			minimizedProjectReferenceProxies = 1;
			preferredProjectObjectVersion = 77;
			productRefGroup = 6ABD7873E0C2AB9F90A3560E /* Products */;
			projectDirPath = "";
			projectRoot = "";
			targets = (
				749E7A4787C0F26380E9F38E /* Vexed */,
			);
		};
/* End PBXProject section */

/* Begin PBXResourcesBuildPhase section */
		4CFEBDF6BFFA1E6E3ECC6D28 /* Resources */ = {
			isa = PBXResourcesBuildPhase;
			buildActionMask = 2147483647;
			files = (
				87A3D5D6F10BCE8D63C4A652 /* Assets.xcassets in Resources */,
			);
			runOnlyForDeploymentPostprocessing = 0;
		};
/* End PBXResourcesBuildPhase section */

/* Begin PBXSourcesBuildPhase section */
		655CC8DE79AB8FE36C4F6F21 /* Sources */ = {
			isa = PBXSourcesBuildPhase;
			buildActionMask = 2147483647;
			files = (
				C0749D677FB0E877095FF31E /* DifficultyConfig.swift in Sources */,
				390F72CAE1FCBFA057E1E06C /* GameEngine.swift in Sources */,
				DA0561F3EDFD2C2C70C0C2F6 /* GameView.swift in Sources */,
				1F8B8C9F301E36C12BA60E1C /* GridView.swift in Sources */,
				E0EAC1BEFADB65A8D1030763 /* HUDView.swift in Sources */,
				39C44BF25D20D8CB0289483E /* InstructionsView.swift in Sources */,
				7C98B292CCDE6827788F9331 /* Position.swift in Sources */,
				C7DC3191486A857C4A1E2631 /* Tile.swift in Sources */,
				086DCC3609708329E5604A3D /* TileCellView.swift in Sources */,
				87CD95C576B7B0565CF31C5E /* VexedApp.swift in Sources */,
				D62873766BDFA0DD4E9F303B /* VowelRadarView.swift in Sources */,
				F56058127215604D24C21615 /* WordValidator.swift in Sources */,
			);
			runOnlyForDeploymentPostprocessing = 0;
		};
/* End PBXSourcesBuildPhase section */

/* Begin XCBuildConfiguration section */
		216CC2E9E5CA2B27A67903F7 /* Debug */ = {
			isa = XCBuildConfiguration;
			buildSettings = {
				ALWAYS_SEARCH_USER_PATHS = NO;
				CLANG_ANALYZER_NONNULL = YES;
				CLANG_ANALYZER_NUMBER_OBJECT_CONVERSION = YES_AGGRESSIVE;
				CLANG_CXX_LANGUAGE_STANDARD = "gnu++14";
				CLANG_CXX_LIBRARY = "libc++";
				CLANG_ENABLE_MODULES = YES;
				CLANG_ENABLE_OBJC_ARC = YES;
				CLANG_ENABLE_OBJC_WEAK = YES;
				CLANG_WARN_BLOCK_CAPTURE_AUTORELEASING = YES;
				CLANG_WARN_BOOL_CONVERSION = YES;
				CLANG_WARN_COMMA = YES;
				CLANG_WARN_CONSTANT_CONVERSION = YES;
				CLANG_WARN_DEPRECATED_OBJC_IMPLEMENTATIONS = YES;
				CLANG_WARN_DIRECT_OBJC_ISA_USAGE = YES_ERROR;
				CLANG_WARN_DOCUMENTATION_COMMENTS = YES;
				CLANG_WARN_EMPTY_BODY = YES;
				CLANG_WARN_ENUM_CONVERSION = YES;
				CLANG_WARN_INFINITE_RECURSION = YES;
				CLANG_WARN_INT_CONVERSION = YES;
				CLANG_WARN_NON_LITERAL_NULL_CONVERSION = YES;
				CLANG_WARN_OBJC_IMPLICIT_RETAIN_SELF = YES;
				CLANG_WARN_OBJC_LITERAL_CONVERSION = YES;
				CLANG_WARN_OBJC_ROOT_CLASS = YES_ERROR;
				CLANG_WARN_QUOTED_INCLUDE_IN_FRAMEWORK_HEADER = YES;
				CLANG_WARN_RANGE_LOOP_ANALYSIS = YES;
				CLANG_WARN_STRICT_PROTOTYPES = YES;
				CLANG_WARN_SUSPICIOUS_MOVE = YES;
				CLANG_WARN_UNGUARDED_AVAILABILITY = YES_AGGRESSIVE;
				CLANG_WARN_UNREACHABLE_CODE = YES;
				CLANG_WARN__DUPLICATE_METHOD_MATCH = YES;
				COPY_PHASE_STRIP = NO;
				CURRENT_PROJECT_VERSION = 1;
				DEBUG_INFORMATION_FORMAT = dwarf;
				ENABLE_STRICT_OBJC_MSGSEND = YES;
				ENABLE_TESTABILITY = YES;
				GCC_C_LANGUAGE_STANDARD = gnu11;
				GCC_DYNAMIC_NO_PIC = NO;
				GCC_NO_COMMON_BLOCKS = YES;
				GCC_OPTIMIZATION_LEVEL = 0;
				GCC_PREPROCESSOR_DEFINITIONS = (
					"$(inherited)",
					"DEBUG=1",
				);
				GCC_WARN_64_TO_32_BIT_CONVERSION = YES;
				GCC_WARN_ABOUT_RETURN_TYPE = YES_ERROR;
				GCC_WARN_UNDECLARED_SELECTOR = YES;
				GCC_WARN_UNINITIALIZED_AUTOS = YES_AGGRESSIVE;
				GCC_WARN_UNUSED_FUNCTION = YES;
				GCC_WARN_UNUSED_VARIABLE = YES;
				IPHONEOS_DEPLOYMENT_TARGET = 17.0;
				MARKETING_VERSION = 1.0;
				MTL_ENABLE_DEBUG_INFO = INCLUDE_SOURCE;
				MTL_FAST_MATH = YES;
				ONLY_ACTIVE_ARCH = YES;
				PRODUCT_BUNDLE_IDENTIFIER = com.daviddef.Vexed;
				PRODUCT_NAME = "$(TARGET_NAME)";
				SDKROOT = iphoneos;
				SWIFT_ACTIVE_COMPILATION_CONDITIONS = DEBUG;
				SWIFT_OPTIMIZATION_LEVEL = "-Onone";
				SWIFT_VERSION = 5.9;
			};
			name = Debug;
		};
		32F4698125E9936E3D747A19 /* Release */ = {
			isa = XCBuildConfiguration;
			buildSettings = {
				ASSETCATALOG_COMPILER_APPICON_NAME = AppIcon;
				ASSETCATALOG_COMPILER_GLOBAL_ACCENT_COLOR_NAME = AccentColor;
				CODE_SIGN_IDENTITY = "iPhone Developer";
				INFOPLIST_FILE = Vexed/Resources/Info.plist;
				IPHONEOS_DEPLOYMENT_TARGET = 17.0;
				LD_RUNPATH_SEARCH_PATHS = (
					"$(inherited)",
					"@executable_path/Frameworks",
				);
				SDKROOT = iphoneos;
				TARGETED_DEVICE_FAMILY = "1,2";
			};
			name = Release;
		};
		7FB4B7437F18F21EBD2CE985 /* Debug */ = {
			isa = XCBuildConfiguration;
			buildSettings = {
				ASSETCATALOG_COMPILER_APPICON_NAME = AppIcon;
				ASSETCATALOG_COMPILER_GLOBAL_ACCENT_COLOR_NAME = AccentColor;
				CODE_SIGN_IDENTITY = "iPhone Developer";
				INFOPLIST_FILE = Vexed/Resources/Info.plist;
				IPHONEOS_DEPLOYMENT_TARGET = 17.0;
				LD_RUNPATH_SEARCH_PATHS = (
					"$(inherited)",
					"@executable_path/Frameworks",
				);
				SDKROOT = iphoneos;
				TARGETED_DEVICE_FAMILY = "1,2";
			};
			name = Debug;
		};
		AFF3BC437DFAEC6A94B6990F /* Release */ = {
			isa = XCBuildConfiguration;
			buildSettings = {
				ALWAYS_SEARCH_USER_PATHS = NO;
				CLANG_ANALYZER_NONNULL = YES;
				CLANG_ANALYZER_NUMBER_OBJECT_CONVERSION = YES_AGGRESSIVE;
				CLANG_CXX_LANGUAGE_STANDARD = "gnu++14";
				CLANG_CXX_LIBRARY = "libc++";
				CLANG_ENABLE_MODULES = YES;
				CLANG_ENABLE_OBJC_ARC = YES;
				CLANG_ENABLE_OBJC_WEAK = YES;
				CLANG_WARN_BLOCK_CAPTURE_AUTORELEASING = YES;
				CLANG_WARN_BOOL_CONVERSION = YES;
				CLANG_WARN_COMMA = YES;
				CLANG_WARN_CONSTANT_CONVERSION = YES;
				CLANG_WARN_DEPRECATED_OBJC_IMPLEMENTATIONS = YES;
				CLANG_WARN_DIRECT_OBJC_ISA_USAGE = YES_ERROR;
				CLANG_WARN_DOCUMENTATION_COMMENTS = YES;
				CLANG_WARN_EMPTY_BODY = YES;
				CLANG_WARN_ENUM_CONVERSION = YES;
				CLANG_WARN_INFINITE_RECURSION = YES;
				CLANG_WARN_INT_CONVERSION = YES;
				CLANG_WARN_NON_LITERAL_NULL_CONVERSION = YES;
				CLANG_WARN_OBJC_IMPLICIT_RETAIN_SELF = YES;
				CLANG_WARN_OBJC_LITERAL_CONVERSION = YES;
				CLANG_WARN_OBJC_ROOT_CLASS = YES_ERROR;
				CLANG_WARN_QUOTED_INCLUDE_IN_FRAMEWORK_HEADER = YES;
				CLANG_WARN_RANGE_LOOP_ANALYSIS = YES;
				CLANG_WARN_STRICT_PROTOTYPES = YES;
				CLANG_WARN_SUSPICIOUS_MOVE = YES;
				CLANG_WARN_UNGUARDED_AVAILABILITY = YES_AGGRESSIVE;
				CLANG_WARN_UNREACHABLE_CODE = YES;
				CLANG_WARN__DUPLICATE_METHOD_MATCH = YES;
				COPY_PHASE_STRIP = NO;
				CURRENT_PROJECT_VERSION = 1;
				DEBUG_INFORMATION_FORMAT = "dwarf-with-dsym";
				ENABLE_NS_ASSERTIONS = NO;
				ENABLE_STRICT_OBJC_MSGSEND = YES;
				GCC_C_LANGUAGE_STANDARD = gnu11;
				GCC_NO_COMMON_BLOCKS = YES;
				GCC_WARN_64_TO_32_BIT_CONVERSION = YES;
				GCC_WARN_ABOUT_RETURN_TYPE = YES_ERROR;
				GCC_WARN_UNDECLARED_SELECTOR = YES;
				GCC_WARN_UNINITIALIZED_AUTOS = YES_AGGRESSIVE;
				GCC_WARN_UNUSED_FUNCTION = YES;
				GCC_WARN_UNUSED_VARIABLE = YES;
				IPHONEOS_DEPLOYMENT_TARGET = 17.0;
				MARKETING_VERSION = 1.0;
				MTL_ENABLE_DEBUG_INFO = NO;
				MTL_FAST_MATH = YES;
				PRODUCT_BUNDLE_IDENTIFIER = com.daviddef.Vexed;
				PRODUCT_NAME = "$(TARGET_NAME)";
				SDKROOT = iphoneos;
				SWIFT_COMPILATION_MODE = wholemodule;
				SWIFT_OPTIMIZATION_LEVEL = "-O";
				SWIFT_VERSION = 5.9;
			};
			name = Release;
		};
/* End XCBuildConfiguration section */

/* Begin XCConfigurationList section */
		63F0DA3BFF89334D1B274884 /* Build configuration list for PBXProject "Vexed" */ = {
			isa = XCConfigurationList;
			buildConfigurations = (
				216CC2E9E5CA2B27A67903F7 /* Debug */,
				AFF3BC437DFAEC6A94B6990F /* Release */,
			);
			defaultConfigurationIsVisible = 0;
			defaultConfigurationName = Debug;
		};
		D468F2EBCD04873B545332F4 /* Build configuration list for PBXNativeTarget "Vexed" */ = {
			isa = XCConfigurationList;
			buildConfigurations = (
				7FB4B7437F18F21EBD2CE985 /* Debug */,
				32F4698125E9936E3D747A19 /* Release */,
			);
			defaultConfigurationIsVisible = 0;
			defaultConfigurationName = Debug;
		};
/* End XCConfigurationList section */
	};
	rootObject = 944FAC3B435D247BEEB17E60 /* Project object */;
}
