// !$*UTF8*$!
{
	archiveVersion = 1;
	classes = {
	};
	objectVersion = 77;
	objects = {

/* Begin PBXBuildFile section */
		086DCC3609708329E5604A3D /* TileCellView.swift in Sources */ = {isa = PBXBuildFile; fileRef = A66A7018BFE1BA853288B8CE /* TileCellView.swift */; };
		1F8B8C9F301E36C12BA60E1C /* GridView.swift in Sources */ = {isa = PBXBuildFile; fileRef = 0DFF4E29B41C4E7EE1FAE1A8 /* GridView.swift */; };
		2238E577C18A7022A9B6CAE5 /* medium_words.txt in Resources */ = {isa = PBXBuildFile; fileRef = AC8D6A41D7615A6607F203DD /* medium_words.txt */; };
		375CEF8DE85D4FA8C9073AE7 /* DefinitionCard.swift in Sources */ = {isa = PBXBuildFile; fileRef = 249270D3AA15409BB3EF1915 /* DefinitionCard.swift */; };
		390F72CAE1FCBFA057E1E06C /* GameEngine.swift in Sources */ = {isa = PBXBuildFile; fileRef = 6304962939BAB59E4179777F /* GameEngine.swift */; };
		39C44BF25D20D8CB0289483E /* InstructionsView.swift in Sources */ = {isa = PBXBuildFile; fileRef = 233E208FD9087F702149CA1A /* InstructionsView.swift */; };
		3EE9306923F400EA2DB822DF /* GameTheme.swift in Sources */ = {isa = PBXBuildFile; fileRef = 1E304DCF014FD496D6DA6AB6 /* GameTheme.swift */; };
		474B0777A33EE9CE80DD9CE2 /* SplashView.swift in Sources */ = {isa = PBXBuildFile; fileRef = 7E1C41036AC2AAA5C4CD95C4 /* SplashView.swift */; };
		49ADDB9EBA6677C01ACA0F01 /* TipsView.swift in Sources */ = {isa = PBXBuildFile; fileRef = B8330BE04DB11CCAC18DF5EC /* TipsView.swift */; };
		6C2ADD19137134E85A042D92 /* BurgerMenuView.swift in Sources */ = {isa = PBXBuildFile; fileRef = 9B222A449F73E06EAB0FB804 /* BurgerMenuView.swift */; };
		6C5FB0E5711F3CF5618AE758 /* HowToPlayView.swift in Sources */ = {isa = PBXBuildFile; fileRef = F74CFD0AB84C3B3C054ED406 /* HowToPlayView.swift */; };
		7479FF7E21BDB368AE7F5645 /* WordDefinition.swift in Sources */ = {isa = PBXBuildFile; fileRef = D7D668298180128D46F9F26A /* WordDefinition.swift */; };
		7C98B292CCDE6827788F9331 /* Position.swift in Sources */ = {isa = PBXBuildFile; fileRef = 373DC80F055AE84737CE034F /* Position.swift */; };
		87A3D5D6F10BCE8D63C4A652 /* Assets.xcassets in Resources */ = {isa = PBXBuildFile; fileRef = CEB73563ADF803D330B29F36 /* Assets.xcassets */; };
		87CD95C576B7B0565CF31C5E /* VexedApp.swift in Sources */ = {isa = PBXBuildFile; fileRef = 6317CB0814BBBB7866C13144 /* VexedApp.swift */; };
		92ED70249397E34C3A1D01B3 /* easy_words.txt in Resources */ = {isa = PBXBuildFile; fileRef = CF9EB42E00F71C437FA39EE6 /* easy_words.txt */; };
		984C35E29C05E0AE72CFD927 /* words.txt in Resources */ = {isa = PBXBuildFile; fileRef = 344B437F00ADDE56B9361A4E /* words.txt */; };
		B3A765E2552955D9E5A4584E /* MissedWordsView.swift in Sources */ = {isa = PBXBuildFile; fileRef = BBDC70987CA16B6B7F67F776 /* MissedWordsView.swift */; };
		BFA99D7E002D44E78FB671D5 /* ParticleBurstView.swift in Sources */ = {isa = PBXBuildFile; fileRef = D060CF8F9C75D0B6E61153C0 /* ParticleBurstView.swift */; };
		C05646D5A22789482E4B8401 /* Haptics.swift in Sources */ = {isa = PBXBuildFile; fileRef = 6E379D33E0B517CC2BB3E4D8 /* Haptics.swift */; };
		C0749D677FB0E877095FF31E /* DifficultyConfig.swift in Sources */ = {isa = PBXBuildFile; fileRef = 837EFAE1B8904472C70AE458 /* DifficultyConfig.swift */; };
		C37CFECCFAE080EE3D0871A9 /* dictionary.txt in Resources */ = {isa = PBXBuildFile; fileRef = 450B73D4A73D4042A6EA4E33 /* dictionary.txt */; };
		C7DC3191486A857C4A1E2631 /* Tile.swift in Sources */ = {isa = PBXBuildFile; fileRef = 8D4456B2579A8873E94240D2 /* Tile.swift */; };
		D62873766BDFA0DD4E9F303B /* VowelRadarView.swift in Sources */ = {isa = PBXBuildFile; fileRef = 821B3C52BF6D510BC2277796 /* VowelRadarView.swift */; };
		DA0561F3EDFD2C2C70C0C2F6 /* GameView.swift in Sources */ = {isa = PBXBuildFile; fileRef = F960993D28D90F8FA73D8796 /* GameView.swift */; };
		E0EAC1BEFADB65A8D1030763 /* HUDView.swift in Sources */ = {isa = PBXBuildFile; fileRef = 88BBA04D81502D71C8038A3C /* HUDView.swift */; };
		E5E9C7A32E33B1D82D1A0E06 /* AvailableWordChip.swift in Sources */ = {isa = PBXBuildFile; fileRef = D1C9DCAF78FD1EADEF2DA098 /* AvailableWordChip.swift */; };
		F56058127215604D24C21615 /* WordValidator.swift in Sources */ = {isa = PBXBuildFile; fileRef = 5177A1E4925AF3AE770B3C7F /* WordValidator.swift */; };
		FC0B0CC45F61740064DDB0EE /* CoreServices.framework in Frameworks */ = {isa = PBXBuildFile; fileRef = C0E94B94BCA0CE35AADDD1F9 /* CoreServices.framework */; };
		FEABD7318A5C975546F4B60D /* HowToPlay.md in Resources */ = {isa = PBXBuildFile; fileRef = 53DF8A852959B44BB137FCC7 /* HowToPlay.md */; };
/* End PBXBuildFile section */

/* Begin PBXFileReference section */
		0DFF4E29B41C4E7EE1FAE1A8 /* GridView.swift */ = {isa = PBXFileReference; lastKnownFileType = sourcecode.swift; path = GridView.swift; sourceTree = "<group>"; };
		1E304DCF014FD496D6DA6AB6 /* GameTheme.swift */ = {isa = PBXFileReference; lastKnownFileType = sourcecode.swift; path = GameTheme.swift; sourceTree = "<group>"; };
		233E208FD9087F702149CA1A /* InstructionsView.swift */ = {isa = PBXFileReference; lastKnownFileType = sourcecode.swift; path = InstructionsView.swift; sourceTree = "<group>"; };
		249270D3AA15409BB3EF1915 /* DefinitionCard.swift */ = {isa = PBXFileReference; lastKnownFileType = sourcecode.swift; path = DefinitionCard.swift; sourceTree = "<group>"; };
		344B437F00ADDE56B9361A4E /* words.txt */ = {isa = PBXFileReference; lastKnownFileType = text; path = words.txt; sourceTree = "<group>"; };
		373DC80F055AE84737CE034F /* Position.swift */ = {isa = PBXFileReference; lastKnownFileType = sourcecode.swift; path = Position.swift; sourceTree = "<group>"; };
		450B73D4A73D4042A6EA4E33 /* dictionary.txt */ = {isa = PBXFileReference; lastKnownFileType = text; path = dictionary.txt; sourceTree = "<group>"; };
		5177A1E4925AF3AE770B3C7F /* WordValidator.swift */ = {isa = PBXFileReference; lastKnownFileType = sourcecode.swift; path = WordValidator.swift; sourceTree = "<group>"; };
		53DF8A852959B44BB137FCC7 /* HowToPlay.md */ = {isa = PBXFileReference; lastKnownFileType = net.daringfireball.markdown; path = HowToPlay.md; sourceTree = "<group>"; };
		6304962939BAB59E4179777F /* GameEngine.swift */ = {isa = PBXFileReference; lastKnownFileType = sourcecode.swift; path = GameEngine.swift; sourceTree = "<group>"; };
		6317CB0814BBBB7866C13144 /* VexedApp.swift */ = {isa = PBXFileReference; lastKnownFileType = sourcecode.swift; path = VexedApp.swift; sourceTree = "<group>"; };
		6E379D33E0B517CC2BB3E4D8 /* Haptics.swift */ = {isa = PBXFileReference; lastKnownFileType = sourcecode.swift; path = Haptics.swift; sourceTree = "<group>"; };
		7E1C41036AC2AAA5C4CD95C4 /* SplashView.swift */ = {isa = PBXFileReference; lastKnownFileType = sourcecode.swift; path = SplashView.swift; sourceTree = "<group>"; };
		821B3C52BF6D510BC2277796 /* VowelRadarView.swift */ = {isa = PBXFileReference; lastKnownFileType = sourcecode.swift; path = VowelRadarView.swift; sourceTree = "<group>"; };
		837EFAE1B8904472C70AE458 /* DifficultyConfig.swift */ = {isa = PBXFileReference; lastKnownFileType = sourcecode.swift; path = DifficultyConfig.swift; sourceTree = "<group>"; };
		88BBA04D81502D71C8038A3C /* HUDView.swift */ = {isa = PBXFileReference; lastKnownFileType = sourcecode.swift; path = HUDView.swift; sourceTree = "<group>"; };
		8D4456B2579A8873E94240D2 /* Tile.swift */ = {isa = PBXFileReference; lastKnownFileType = sourcecode.swift; path = Tile.swift; sourceTree = "<group>"; };
		9B222A449F73E06EAB0FB804 /* BurgerMenuView.swift */ = {isa = PBXFileReference; lastKnownFileType = sourcecode.swift; path = BurgerMenuView.swift; sourceTree = "<group>"; };
		A66A7018BFE1BA853288B8CE /* TileCellView.swift */ = {isa = PBXFileReference; lastKnownFileType = sourcecode.swift; path = TileCellView.swift; sourceTree = "<group>"; };
		AC8D6A41D7615A6607F203DD /* medium_words.txt */ = {isa = PBXFileReference; lastKnownFileType = text; path = medium_words.txt; sourceTree = "<group>"; };
		B8330BE04DB11CCAC18DF5EC /* TipsView.swift */ = {isa = PBXFileReference; lastKnownFileType = sourcecode.swift; path = TipsView.swift; sourceTree = "<group>"; };
		BBDC70987CA16B6B7F67F776 /* MissedWordsView.swift */ = {isa = PBXFileReference; lastKnownFileType = sourcecode.swift; path = MissedWordsView.swift; sourceTree = "<group>"; };
		C0E94B94BCA0CE35AADDD1F9 /* CoreServices.framework */ = {isa = PBXFileReference; lastKnownFileType = wrapper.framework; name = CoreServices.framework; path = System/Library/Frameworks/CoreServices.framework; sourceTree = SDKROOT; };
		CEB73563ADF803D330B29F36 /* Assets.xcassets */ = {isa = PBXFileReference; lastKnownFileType = folder.assetcatalog; path = Assets.xcassets; sourceTree = "<group>"; };
		CF9EB42E00F71C437FA39EE6 /* easy_words.txt */ = {isa = PBXFileReference; lastKnownFileType = text; path = easy_words.txt; sourceTree = "<group>"; };
		CFD9766732EA984CE8848033 /* Vexed.app */ = {isa = PBXFileReference; explicitFileType = wrapper.application; includeInIndex = 0; path = Vexed.app; sourceTree = BUILT_PRODUCTS_DIR; };
		D060CF8F9C75D0B6E61153C0 /* ParticleBurstView.swift */ = {isa = PBXFileReference; lastKnownFileType = sourcecode.swift; path = ParticleBurstView.swift; sourceTree = "<group>"; };
		D1C9DCAF78FD1EADEF2DA098 /* AvailableWordChip.swift */ = {isa = PBXFileReference; lastKnownFileType = sourcecode.swift; path = AvailableWordChip.swift; sourceTree = "<group>"; };
		D7D668298180128D46F9F26A /* WordDefinition.swift */ = {isa = PBXFileReference; lastKnownFileType = sourcecode.swift; path = WordDefinition.swift; sourceTree = "<group>"; };
		F74CFD0AB84C3B3C054ED406 /* HowToPlayView.swift */ = {isa = PBXFileReference; lastKnownFileType = sourcecode.swift; path = HowToPlayView.swift; sourceTree = "<group>"; };
		F960993D28D90F8FA73D8796 /* GameView.swift */ = {isa = PBXFileReference; lastKnownFileType = sourcecode.swift; path = GameView.swift; sourceTree = "<group>"; };
/* End PBXFileReference section */

/* Begin PBXFrameworksBuildPhase section */
		BF59E3448986D47109E8BE0F /* Frameworks */ = {
			isa = PBXFrameworksBuildPhase;
			buildActionMask = 2147483647;
			files = (
				FC0B0CC45F61740064DDB0EE /* CoreServices.framework in Frameworks */,
			);
			runOnlyForDeploymentPostprocessing = 0;
		};
/* End PBXFrameworksBuildPhase section */

/* Begin PBXGroup section */
		2F18ADB96DC4C2827F1C7EB4 /* Models */ = {
			isa = PBXGroup;
			children = (
				837EFAE1B8904472C70AE458 /* DifficultyConfig.swift */,
				6304962939BAB59E4179777F /* GameEngine.swift */,
				373DC80F055AE84737CE034F /* Position.swift */,
				8D4456B2579A8873E94240D2 /* Tile.swift */,
				5177A1E4925AF3AE770B3C7F /* WordValidator.swift */,
			);
			path = Models;
			sourceTree = "<group>";
		};
		3315EB92C7AC9FCB3748C516 /* Utilities */ = {
			isa = PBXGroup;
			children = (
				6E379D33E0B517CC2BB3E4D8 /* Haptics.swift */,
				D7D668298180128D46F9F26A /* WordDefinition.swift */,
			);
			path = Utilities;
			sourceTree = "<group>";
		};
		3CB3DFF8E29CC779819807F6 /* Vexed */ = {
			isa = PBXGroup;
			children = (
				6317CB0814BBBB7866C13144 /* VexedApp.swift */,
				2F18ADB96DC4C2827F1C7EB4 /* Models */,
				687668089F63EBE5BDA7D0F0 /* Resources */,
				3315EB92C7AC9FCB3748C516 /* Utilities */,
				911EF9586A19B63F165A687D /* Views */,
			);
			path = Vexed;
			sourceTree = "<group>";
		};
		687668089F63EBE5BDA7D0F0 /* Resources */ = {
			isa = PBXGroup;
			children = (
				CEB73563ADF803D330B29F36 /* Assets.xcassets */,
				450B73D4A73D4042A6EA4E33 /* dictionary.txt */,
				CF9EB42E00F71C437FA39EE6 /* easy_words.txt */,
				53DF8A852959B44BB137FCC7 /* HowToPlay.md */,
				AC8D6A41D7615A6607F203DD /* medium_words.txt */,
				344B437F00ADDE56B9361A4E /* words.txt */,
			);
			path = Resources;
			sourceTree = "<group>";
		};
		6ABD7873E0C2AB9F90A3560E /* Products */ = {
			isa = PBXGroup;
			children = (
				CFD9766732EA984CE8848033 /* Vexed.app */,
			);
			name = Products;
			sourceTree = "<group>";
		};
		754FAA5948D3421E7CD1E715 = {
			isa = PBXGroup;
			children = (
				3CB3DFF8E29CC779819807F6 /* Vexed */,
				D50E9FCF3B2EEF9E5DEC2787 /* Frameworks */,
				6ABD7873E0C2AB9F90A3560E /* Products */,
			);
			sourceTree = "<group>";
		};
		911EF9586A19B63F165A687D /* Views */ = {
			isa = PBXGroup;
			children = (
				D1C9DCAF78FD1EADEF2DA098 /* AvailableWordChip.swift */,
				9B222A449F73E06EAB0FB804 /* BurgerMenuView.swift */,
				249270D3AA15409BB3EF1915 /* DefinitionCard.swift */,
				1E304DCF014FD496D6DA6AB6 /* GameTheme.swift */,
				F960993D28D90F8FA73D8796 /* GameView.swift */,
				0DFF4E29B41C4E7EE1FAE1A8 /* GridView.swift */,
				F74CFD0AB84C3B3C054ED406 /* HowToPlayView.swift */,
				88BBA04D81502D71C8038A3C /* HUDView.swift */,
				233E208FD9087F702149CA1A /* InstructionsView.swift */,
				BBDC70987CA16B6B7F67F776 /* MissedWordsView.swift */,
				D060CF8F9C75D0B6E61153C0 /* ParticleBurstView.swift */,
				7E1C41036AC2AAA5C4CD95C4 /* SplashView.swift */,
				A66A7018BFE1BA853288B8CE /* TileCellView.swift */,
				B8330BE04DB11CCAC18DF5EC /* TipsView.swift */,
				821B3C52BF6D510BC2277796 /* VowelRadarView.swift */,
			);
			path = Views;
			sourceTree = "<group>";
		};
		D50E9FCF3B2EEF9E5DEC2787 /* Frameworks */ = {
			isa = PBXGroup;
			children = (
				C0E94B94BCA0CE35AADDD1F9 /* CoreServices.framework */,
			);
			name = Frameworks;
			sourceTree = "<group>";
		};
/* End PBXGroup section */

/* Begin PBXNativeTarget section */
		749E7A4787C0F26380E9F38E /* Vexed */ = {
			isa = PBXNativeTarget;
			buildConfigurationList = D468F2EBCD04873B545332F4 /* Build configuration list for PBXNativeTarget "Vexed" */;
			buildPhases = (
				655CC8DE79AB8FE36C4F6F21 /* Sources */,
				4CFEBDF6BFFA1E6E3ECC6D28 /* Resources */,
				BF59E3448986D47109E8BE0F /* Frameworks */,
			);
			buildRules = (
			);
			dependencies = (
			);
			name = Vexed;
			packageProductDependencies = (
			);
			productName = Vexed;
			productReference = CFD9766732EA984CE8848033 /* Vexed.app */;
			productType = "com.apple.product-type.application";
		};
/* End PBXNativeTarget section */

/* Begin PBXProject section */
		944FAC3B435D247BEEB17E60 /* Project object */ = {
			isa = PBXProject;
			attributes = {
				BuildIndependentTargetsInParallel = YES;
				LastUpgradeCheck = 1500;
			};
			buildConfigurationList = 63F0DA3BFF89334D1B274884 /* Build configuration list for PBXProject "Vexed" */;
			developmentRegion = en;
			hasScannedForEncodings = 0;
			knownRegions = (
				Base,
				en,
			);
			mainGroup = 754FAA5948D3421E7CD1E715;
			minimizedProjectReferenceProxies = 1;
			preferredProjectObjectVersion = 77;
			productRefGroup = 6ABD7873E0C2AB9F90A3560E /* Products */;
			projectDirPath = "";
			projectRoot = "";
			targets = (
				749E7A4787C0F26380E9F38E /* Vexed */,
			);
		};
/* End PBXProject section */

/* Begin PBXResourcesBuildPhase section */
		4CFEBDF6BFFA1E6E3ECC6D28 /* Resources */ = {
			isa = PBXResourcesBuildPhase;
			buildActionMask = 2147483647;
			files = (
				87A3D5D6F10BCE8D63C4A652 /* Assets.xcassets in Resources */,
				FEABD7318A5C975546F4B60D /* HowToPlay.md in Resources */,
				C37CFECCFAE080EE3D0871A9 /* dictionary.txt in Resources */,
				92ED70249397E34C3A1D01B3 /* easy_words.txt in Resources */,
				2238E577C18A7022A9B6CAE5 /* medium_words.txt in Resources */,
				984C35E29C05E0AE72CFD927 /* words.txt in Resources */,
			);
			runOnlyForDeploymentPostprocessing = 0;
		};
/* End PBXResourcesBuildPhase section */

/* Begin PBXSourcesBuildPhase section */
		655CC8DE79AB8FE36C4F6F21 /* Sources */ = {
			isa = PBXSourcesBuildPhase;
			buildActionMask = 2147483647;
			files = (
				E5E9C7A32E33B1D82D1A0E06 /* AvailableWordChip.swift in Sources */,
				6C2ADD19137134E85A042D92 /* BurgerMenuView.swift in Sources */,
				375CEF8DE85D4FA8C9073AE7 /* DefinitionCard.swift in Sources */,
				C0749D677FB0E877095FF31E /* DifficultyConfig.swift in Sources */,
				390F72CAE1FCBFA057E1E06C /* GameEngine.swift in Sources */,
				3EE9306923F400EA2DB822DF /* GameTheme.swift in Sources */,
				DA0561F3EDFD2C2C70C0C2F6 /* GameView.swift in Sources */,
				1F8B8C9F301E36C12BA60E1C /* GridView.swift in Sources */,
				E0EAC1BEFADB65A8D1030763 /* HUDView.swift in Sources */,
				C05646D5A22789482E4B8401 /* Haptics.swift in Sources */,
				6C5FB0E5711F3CF5618AE758 /* HowToPlayView.swift in Sources */,
				39C44BF25D20D8CB0289483E /* InstructionsView.swift in Sources */,
				B3A765E2552955D9E5A4584E /* MissedWordsView.swift in Sources */,
				BFA99D7E002D44E78FB671D5 /* ParticleBurstView.swift in Sources */,
				7C98B292CCDE6827788F9331 /* Position.swift in Sources */,
				474B0777A33EE9CE80DD9CE2 /* SplashView.swift in Sources */,
				C7DC3191486A857C4A1E2631 /* Tile.swift in Sources */,
				086DCC3609708329E5604A3D /* TileCellView.swift in Sources */,
				49ADDB9EBA6677C01ACA0F01 /* TipsView.swift in Sources */,
				87CD95C576B7B0565CF31C5E /* VexedApp.swift in Sources */,
				D62873766BDFA0DD4E9F303B /* VowelRadarView.swift in Sources */,
				7479FF7E21BDB368AE7F5645 /* WordDefinition.swift in Sources */,
				F56058127215604D24C21615 /* WordValidator.swift in Sources */,
			);
			runOnlyForDeploymentPostprocessing = 0;
		};
/* End PBXSourcesBuildPhase section */

/* Begin XCBuildConfiguration section */
		216CC2E9E5CA2B27A67903F7 /* Debug */ = {
			isa = XCBuildConfiguration;
			buildSettings = {
				ALWAYS_SEARCH_USER_PATHS = NO;
				CLANG_ANALYZER_NONNULL = YES;
				CLANG_ANALYZER_NUMBER_OBJECT_CONVERSION = YES_AGGRESSIVE;
				CLANG_CXX_LANGUAGE_STANDARD = "gnu++14";
				CLANG_CXX_LIBRARY = "libc++";
				CLANG_ENABLE_MODULES = YES;
				CLANG_ENABLE_OBJC_ARC = YES;
				CLANG_ENABLE_OBJC_WEAK = YES;
				CLANG_WARN_BLOCK_CAPTURE_AUTORELEASING = YES;
				CLANG_WARN_BOOL_CONVERSION = YES;
				CLANG_WARN_COMMA = YES;
				CLANG_WARN_CONSTANT_CONVERSION = YES;
				CLANG_WARN_DEPRECATED_OBJC_IMPLEMENTATIONS = YES;
				CLANG_WARN_DIRECT_OBJC_ISA_USAGE = YES_ERROR;
				CLANG_WARN_DOCUMENTATION_COMMENTS = YES;
				CLANG_WARN_EMPTY_BODY = YES;
				CLANG_WARN_ENUM_CONVERSION = YES;
				CLANG_WARN_INFINITE_RECURSION = YES;
				CLANG_WARN_INT_CONVERSION = YES;
				CLANG_WARN_NON_LITERAL_NULL_CONVERSION = YES;
				CLANG_WARN_OBJC_IMPLICIT_RETAIN_SELF = YES;
				CLANG_WARN_OBJC_LITERAL_CONVERSION = YES;
				CLANG_WARN_OBJC_ROOT_CLASS = YES_ERROR;
				CLANG_WARN_QUOTED_INCLUDE_IN_FRAMEWORK_HEADER = YES;
				CLANG_WARN_RANGE_LOOP_ANALYSIS = YES;
				CLANG_WARN_STRICT_PROTOTYPES = YES;
				CLANG_WARN_SUSPICIOUS_MOVE = YES;
				CLANG_WARN_UNGUARDED_AVAILABILITY = YES_AGGRESSIVE;
				CLANG_WARN_UNREACHABLE_CODE = YES;
				CLANG_WARN__DUPLICATE_METHOD_MATCH = YES;
				COPY_PHASE_STRIP = NO;
				CURRENT_PROJECT_VERSION = 23;
				DEBUG_INFORMATION_FORMAT = dwarf;
				ENABLE_STRICT_OBJC_MSGSEND = YES;
				ENABLE_TESTABILITY = YES;
				GCC_C_LANGUAGE_STANDARD = gnu11;
				GCC_DYNAMIC_NO_PIC = NO;
				GCC_NO_COMMON_BLOCKS = YES;
				GCC_OPTIMIZATION_LEVEL = 0;
				GCC_PREPROCESSOR_DEFINITIONS = (
					"$(inherited)",
					"DEBUG=1",
				);
				GCC_WARN_64_TO_32_BIT_CONVERSION = YES;
				GCC_WARN_ABOUT_RETURN_TYPE = YES_ERROR;
				GCC_WARN_UNDECLARED_SELECTOR = YES;
				GCC_WARN_UNINITIALIZED_AUTOS = YES_AGGRESSIVE;
				GCC_WARN_UNUSED_FUNCTION = YES;
				GCC_WARN_UNUSED_VARIABLE = YES;
				IPHONEOS_DEPLOYMENT_TARGET = 17.0;
				MARKETING_VERSION = 1.0;
				MTL_ENABLE_DEBUG_INFO = INCLUDE_SOURCE;
				MTL_FAST_MATH = YES;
				ONLY_ACTIVE_ARCH = YES;
				PRODUCT_BUNDLE_IDENTIFIER = com.defranceski.Vexed;
				PRODUCT_NAME = "$(TARGET_NAME)";
				SDKROOT = iphoneos;
				SWIFT_ACTIVE_COMPILATION_CONDITIONS = DEBUG;
				SWIFT_OPTIMIZATION_LEVEL = "-Onone";
				SWIFT_VERSION = 5.9;
			};
			name = Debug;
		};
		32F4698125E9936E3D747A19 /* Release */ = {
			isa = XCBuildConfiguration;
			buildSettings = {
				ASSETCATALOG_COMPILER_APPICON_NAME = AppIcon;
				ASSETCATALOG_COMPILER_GLOBAL_ACCENT_COLOR_NAME = AccentColor;
				CODE_SIGN_IDENTITY = "iPhone Developer";
				DEVELOPMENT_TEAM = L9SAXP2E2W;
				INFOPLIST_FILE = Vexed/Resources/Info.plist;
				IPHONEOS_DEPLOYMENT_TARGET = 17.0;
				LD_RUNPATH_SEARCH_PATHS = (
					"$(inherited)",
					"@executable_path/Frameworks",
				);
				SDKROOT = iphoneos;
				TARGETED_DEVICE_FAMILY = "1,2";
			};
			name = Release;
		};
		7FB4B7437F18F21EBD2CE985 /* Debug */ = {
			isa = XCBuildConfiguration;
			buildSettings = {
				ASSETCATALOG_COMPILER_APPICON_NAME = AppIcon;
				ASSETCATALOG_COMPILER_GLOBAL_ACCENT_COLOR_NAME = AccentColor;
				CODE_SIGN_IDENTITY = "iPhone Developer";
				DEVELOPMENT_TEAM = L9SAXP2E2W;
				INFOPLIST_FILE = Vexed/Resources/Info.plist;
				IPHONEOS_DEPLOYMENT_TARGET = 17.0;
				LD_RUNPATH_SEARCH_PATHS = (
					"$(inherited)",
					"@executable_path/Frameworks",
				);
				SDKROOT = iphoneos;
				TARGETED_DEVICE_FAMILY = "1,2";
			};
			name = Debug;
		};
		AFF3BC437DFAEC6A94B6990F /* Release */ = {
			isa = XCBuildConfiguration;
			buildSettings = {
				ALWAYS_SEARCH_USER_PATHS = NO;
				CLANG_ANALYZER_NONNULL = YES;
				CLANG_ANALYZER_NUMBER_OBJECT_CONVERSION = YES_AGGRESSIVE;
				CLANG_CXX_LANGUAGE_STANDARD = "gnu++14";
				CLANG_CXX_LIBRARY = "libc++";
				CLANG_ENABLE_MODULES = YES;
				CLANG_ENABLE_OBJC_ARC = YES;
				CLANG_ENABLE_OBJC_WEAK = YES;
				CLANG_WARN_BLOCK_CAPTURE_AUTORELEASING = YES;
				CLANG_WARN_BOOL_CONVERSION = YES;
				CLANG_WARN_COMMA = YES;
				CLANG_WARN_CONSTANT_CONVERSION = YES;
				CLANG_WARN_DEPRECATED_OBJC_IMPLEMENTATIONS = YES;
				CLANG_WARN_DIRECT_OBJC_ISA_USAGE = YES_ERROR;
				CLANG_WARN_DOCUMENTATION_COMMENTS = YES;
				CLANG_WARN_EMPTY_BODY = YES;
				CLANG_WARN_ENUM_CONVERSION = YES;
				CLANG_WARN_INFINITE_RECURSION = YES;
				CLANG_WARN_INT_CONVERSION = YES;
				CLANG_WARN_NON_LITERAL_NULL_CONVERSION = YES;
				CLANG_WARN_OBJC_IMPLICIT_RETAIN_SELF = YES;
				CLANG_WARN_OBJC_LITERAL_CONVERSION = YES;
				CLANG_WARN_OBJC_ROOT_CLASS = YES_ERROR;
				CLANG_WARN_QUOTED_INCLUDE_IN_FRAMEWORK_HEADER = YES;
				CLANG_WARN_RANGE_LOOP_ANALYSIS = YES;
				CLANG_WARN_STRICT_PROTOTYPES = YES;
				CLANG_WARN_SUSPICIOUS_MOVE = YES;
				CLANG_WARN_UNGUARDED_AVAILABILITY = YES_AGGRESSIVE;
				CLANG_WARN_UNREACHABLE_CODE = YES;
				CLANG_WARN__DUPLICATE_METHOD_MATCH = YES;
				COPY_PHASE_STRIP = NO;
				CURRENT_PROJECT_VERSION = 23;
				DEBUG_INFORMATION_FORMAT = "dwarf-with-dsym";
				ENABLE_NS_ASSERTIONS = NO;
				ENABLE_STRICT_OBJC_MSGSEND = YES;
				GCC_C_LANGUAGE_STANDARD = gnu11;
				GCC_NO_COMMON_BLOCKS = YES;
				GCC_WARN_64_TO_32_BIT_CONVERSION = YES;
				GCC_WARN_ABOUT_RETURN_TYPE = YES_ERROR;
				GCC_WARN_UNDECLARED_SELECTOR = YES;
				GCC_WARN_UNINITIALIZED_AUTOS = YES_AGGRESSIVE;
				GCC_WARN_UNUSED_FUNCTION = YES;
				GCC_WARN_UNUSED_VARIABLE = YES;
				IPHONEOS_DEPLOYMENT_TARGET = 17.0;
				MARKETING_VERSION = 1.0;
				MTL_ENABLE_DEBUG_INFO = NO;
				MTL_FAST_MATH = YES;
				PRODUCT_BUNDLE_IDENTIFIER = com.defranceski.Vexed;
				PRODUCT_NAME = "$(TARGET_NAME)";
				SDKROOT = iphoneos;
				SWIFT_COMPILATION_MODE = wholemodule;
				SWIFT_OPTIMIZATION_LEVEL = "-O";
				SWIFT_VERSION = 5.9;
			};
			name = Release;
		};
/* End XCBuildConfiguration section */

/* Begin XCConfigurationList section */
		63F0DA3BFF89334D1B274884 /* Build configuration list for PBXProject "Vexed" */ = {
			isa = XCConfigurationList;
			buildConfigurations = (
				216CC2E9E5CA2B27A67903F7 /* Debug */,
				AFF3BC437DFAEC6A94B6990F /* Release */,
			);
			defaultConfigurationIsVisible = 0;
			defaultConfigurationName = Debug;
		};
		D468F2EBCD04873B545332F4 /* Build configuration list for PBXNativeTarget "Vexed" */ = {
			isa = XCConfigurationList;
			buildConfigurations = (
				7FB4B7437F18F21EBD2CE985 /* Debug */,
				32F4698125E9936E3D747A19 /* Release */,
			);
			defaultConfigurationIsVisible = 0;
			defaultConfigurationName = Debug;
		};
/* End XCConfigurationList section */
	};
	rootObject = 944FAC3B435D247BEEB17E60 /* Project object */;
}
